// !$*UTF8*$!
{
	archiveVersion = 1;
	classes = {
	};
	objectVersion = 55;
	objects = {

/* Begin PBXBuildFile section */
		381ED40A2776633600296997 /* SpriteScreen.swift in Sources */ = {isa = PBXBuildFile; fileRef = 381ED4092776633600296997 /* SpriteScreen.swift */; };
		381ED40C2776645900296997 /* Sprites in Resources */ = {isa = PBXBuildFile; fileRef = 381ED40B2776645900296997 /* Sprites */; };
		DDA09AA327762443005AD9D8 /* ChristlistApp.swift in Sources */ = {isa = PBXBuildFile; fileRef = DDA09AA227762443005AD9D8 /* ChristlistApp.swift */; };
		DDA09AA527762443005AD9D8 /* ContentView.swift in Sources */ = {isa = PBXBuildFile; fileRef = DDA09AA427762443005AD9D8 /* ContentView.swift */; };
		DDA09AA727762444005AD9D8 /* Assets.xcassets in Resources */ = {isa = PBXBuildFile; fileRef = DDA09AA627762444005AD9D8 /* Assets.xcassets */; };
		DDA09AAA27762444005AD9D8 /* Preview Assets.xcassets in Resources */ = {isa = PBXBuildFile; fileRef = DDA09AA927762444005AD9D8 /* Preview Assets.xcassets */; };
		DDA09AB227762ECB005AD9D8 /* PartsScreen.swift in Sources */ = {isa = PBXBuildFile; fileRef = DDA09AB127762ECB005AD9D8 /* PartsScreen.swift */; };
		DDA09AB427762F17005AD9D8 /* ListScreen.swift in Sources */ = {isa = PBXBuildFile; fileRef = DDA09AB327762F17005AD9D8 /* ListScreen.swift */; };
/* End PBXBuildFile section */

/* Begin PBXFileReference section */
		381ED4092776633600296997 /* SpriteScreen.swift */ = {isa = PBXFileReference; fileEncoding = 4; lastKnownFileType = sourcecode.swift; path = SpriteScreen.swift; sourceTree = "<group>"; };
		381ED40B2776645900296997 /* Sprites */ = {isa = PBXFileReference; lastKnownFileType = folder; path = Sprites; sourceTree = "<group>"; };
		DDA09A9F27762443005AD9D8 /* Christlist.app */ = {isa = PBXFileReference; explicitFileType = wrapper.application; includeInIndex = 0; path = Christlist.app; sourceTree = BUILT_PRODUCTS_DIR; };
		DDA09AA227762443005AD9D8 /* ChristlistApp.swift */ = {isa = PBXFileReference; lastKnownFileType = sourcecode.swift; path = ChristlistApp.swift; sourceTree = "<group>"; };
		DDA09AA427762443005AD9D8 /* ContentView.swift */ = {isa = PBXFileReference; lastKnownFileType = sourcecode.swift; path = ContentView.swift; sourceTree = "<group>"; };
		DDA09AA627762444005AD9D8 /* Assets.xcassets */ = {isa = PBXFileReference; lastKnownFileType = folder.assetcatalog; path = Assets.xcassets; sourceTree = "<group>"; };
		DDA09AA927762444005AD9D8 /* Preview Assets.xcassets */ = {isa = PBXFileReference; lastKnownFileType = folder.assetcatalog; path = "Preview Assets.xcassets"; sourceTree = "<group>"; };
		DDA09AB127762ECB005AD9D8 /* PartsScreen.swift */ = {isa = PBXFileReference; lastKnownFileType = sourcecode.swift; path = PartsScreen.swift; sourceTree = "<group>"; };
		DDA09AB327762F17005AD9D8 /* ListScreen.swift */ = {isa = PBXFileReference; lastKnownFileType = sourcecode.swift; path = ListScreen.swift; sourceTree = "<group>"; };
/* End PBXFileReference section */

/* Begin PBXFrameworksBuildPhase section */
		DDA09A9C27762443005AD9D8 /* Frameworks */ = {
			isa = PBXFrameworksBuildPhase;
			buildActionMask = 2147483647;
			files = (
			);
			runOnlyForDeploymentPostprocessing = 0;
		};
/* End PBXFrameworksBuildPhase section */

/* Begin PBXGroup section */
		DDA09A9627762443005AD9D8 = {
			isa = PBXGroup;
			children = (
				DDA09AA127762443005AD9D8 /* Christlist */,
				DDA09AA027762443005AD9D8 /* Products */,
			);
			sourceTree = "<group>";
		};
		DDA09AA027762443005AD9D8 /* Products */ = {
			isa = PBXGroup;
			children = (
				DDA09A9F27762443005AD9D8 /* Christlist.app */,
			);
			name = Products;
			sourceTree = "<group>";
		};
		DDA09AA127762443005AD9D8 /* Christlist */ = {
			isa = PBXGroup;
			children = (
				381ED40B2776645900296997 /* Sprites */,
				DDA09AB027762E9A005AD9D8 /* Screens */,
				DDA09AA227762443005AD9D8 /* ChristlistApp.swift */,
				DDA09AA427762443005AD9D8 /* ContentView.swift */,
				DDA09AA627762444005AD9D8 /* Assets.xcassets */,
				DDA09AA827762444005AD9D8 /* Preview Content */,
			);
			path = Christlist;
			sourceTree = "<group>";
		};
		DDA09AA827762444005AD9D8 /* Preview Content */ = {
			isa = PBXGroup;
			children = (
				DDA09AA927762444005AD9D8 /* Preview Assets.xcassets */,
			);
			path = "Preview Content";
			sourceTree = "<group>";
		};
		DDA09AB027762E9A005AD9D8 /* Screens */ = {
			isa = PBXGroup;
			children = (
				DDA09AB127762ECB005AD9D8 /* PartsScreen.swift */,
				381ED4092776633600296997 /* SpriteScreen.swift */,
				DDA09AB327762F17005AD9D8 /* ListScreen.swift */,
			);
			path = Screens;
			sourceTree = "<group>";
		};
/* End PBXGroup section */

/* Begin PBXNativeTarget section */
		DDA09A9E27762443005AD9D8 /* Christlist */ = {
			isa = PBXNativeTarget;
			buildConfigurationList = DDA09AAD27762444005AD9D8 /* Build configuration list for PBXNativeTarget "Christlist" */;
			buildPhases = (
				DDA09A9B27762443005AD9D8 /* Sources */,
				DDA09A9C27762443005AD9D8 /* Frameworks */,
				DDA09A9D27762443005AD9D8 /* Resources */,
			);
			buildRules = (
			);
			dependencies = (
			);
			name = Christlist;
			productName = Christlist;
			productReference = DDA09A9F27762443005AD9D8 /* Christlist.app */;
			productType = "com.apple.product-type.application";
		};
/* End PBXNativeTarget section */

/* Begin PBXProject section */
		DDA09A9727762443005AD9D8 /* Project object */ = {
			isa = PBXProject;
			attributes = {
				BuildIndependentTargetsInParallel = 1;
				LastSwiftUpdateCheck = 1320;
				LastUpgradeCheck = 1320;
				TargetAttributes = {
					DDA09A9E27762443005AD9D8 = {
						CreatedOnToolsVersion = 13.2.1;
					};
				};
			};
			buildConfigurationList = DDA09A9A27762443005AD9D8 /* Build configuration list for PBXProject "Christlist" */;
			compatibilityVersion = "Xcode 13.0";
			developmentRegion = en;
			hasScannedForEncodings = 0;
			knownRegions = (
				en,
				Base,
			);
			mainGroup = DDA09A9627762443005AD9D8;
			productRefGroup = DDA09AA027762443005AD9D8 /* Products */;
			projectDirPath = "";
			projectRoot = "";
			targets = (
				DDA09A9E27762443005AD9D8 /* Christlist */,
			);
		};
/* End PBXProject section */

/* Begin PBXResourcesBuildPhase section */
		DDA09A9D27762443005AD9D8 /* Resources */ = {
			isa = PBXResourcesBuildPhase;
			buildActionMask = 2147483647;
			files = (
				381ED40C2776645900296997 /* Sprites in Resources */,
				DDA09AAA27762444005AD9D8 /* Preview Assets.xcassets in Resources */,
				DDA09AA727762444005AD9D8 /* Assets.xcassets in Resources */,
			);
			runOnlyForDeploymentPostprocessing = 0;
		};
/* End PBXResourcesBuildPhase section */

/* Begin PBXSourcesBuildPhase section */
		DDA09A9B27762443005AD9D8 /* Sources */ = {
			isa = PBXSourcesBuildPhase;
			buildActionMask = 2147483647;
			files = (
				DDA09AA527762443005AD9D8 /* ContentView.swift in Sources */,
				DDA09AA327762443005AD9D8 /* ChristlistApp.swift in Sources */,
				DDA09AB227762ECB005AD9D8 /* PartsScreen.swift in Sources */,
				DDA09AB427762F17005AD9D8 /* ListScreen.swift in Sources */,
				381ED40A2776633600296997 /* SpriteScreen.swift in Sources */,
			);
			runOnlyForDeploymentPostprocessing = 0;
		};
/* End PBXSourcesBuildPhase section */

/* Begin XCBuildConfiguration section */
		DDA09AAB27762444005AD9D8 /* Debug */ = {
			isa = XCBuildConfiguration;
			buildSettings = {
				ALWAYS_SEARCH_USER_PATHS = NO;
				CLANG_ANALYZER_NONNULL = YES;
				CLANG_ANALYZER_NUMBER_OBJECT_CONVERSION = YES_AGGRESSIVE;
				CLANG_CXX_LANGUAGE_STANDARD = "gnu++17";
				CLANG_CXX_LIBRARY = "libc++";
				CLANG_ENABLE_MODULES = YES;
				CLANG_ENABLE_OBJC_ARC = YES;
				CLANG_ENABLE_OBJC_WEAK = YES;
				CLANG_WARN_BLOCK_CAPTURE_AUTORELEASING = YES;
				CLANG_WARN_BOOL_CONVERSION = YES;
				CLANG_WARN_COMMA = YES;
				CLANG_WARN_CONSTANT_CONVERSION = YES;
				CLANG_WARN_DEPRECATED_OBJC_IMPLEMENTATIONS = YES;
				CLANG_WARN_DIRECT_OBJC_ISA_USAGE = YES_ERROR;
				CLANG_WARN_DOCUMENTATION_COMMENTS = YES;
				CLANG_WARN_EMPTY_BODY = YES;
				CLANG_WARN_ENUM_CONVERSION = YES;
				CLANG_WARN_INFINITE_RECURSION = YES;
				CLANG_WARN_INT_CONVERSION = YES;
				CLANG_WARN_NON_LITERAL_NULL_CONVERSION = YES;
				CLANG_WARN_OBJC_IMPLICIT_RETAIN_SELF = YES;
				CLANG_WARN_OBJC_LITERAL_CONVERSION = YES;
				CLANG_WARN_OBJC_ROOT_CLASS = YES_ERROR;
				CLANG_WARN_QUOTED_INCLUDE_IN_FRAMEWORK_HEADER = YES;
				CLANG_WARN_RANGE_LOOP_ANALYSIS = YES;
				CLANG_WARN_STRICT_PROTOTYPES = YES;
				CLANG_WARN_SUSPICIOUS_MOVE = YES;
				CLANG_WARN_UNGUARDED_AVAILABILITY = YES_AGGRESSIVE;
				CLANG_WARN_UNREACHABLE_CODE = YES;
				CLANG_WARN__DUPLICATE_METHOD_MATCH = YES;
				COPY_PHASE_STRIP = NO;
				DEBUG_INFORMATION_FORMAT = dwarf;
				ENABLE_STRICT_OBJC_MSGSEND = YES;
				ENABLE_TESTABILITY = YES;
				GCC_C_LANGUAGE_STANDARD = gnu11;
				GCC_DYNAMIC_NO_PIC = NO;
				GCC_NO_COMMON_BLOCKS = YES;
				GCC_OPTIMIZATION_LEVEL = 0;
				GCC_PREPROCESSOR_DEFINITIONS = (
					"DEBUG=1",
					"$(inherited)",
				);
				GCC_WARN_64_TO_32_BIT_CONVERSION = YES;
				GCC_WARN_ABOUT_RETURN_TYPE = YES_ERROR;
				GCC_WARN_UNDECLARED_SELECTOR = YES;
				GCC_WARN_UNINITIALIZED_AUTOS = YES_AGGRESSIVE;
				GCC_WARN_UNUSED_FUNCTION = YES;
				GCC_WARN_UNUSED_VARIABLE = YES;
				IPHONEOS_DEPLOYMENT_TARGET = 15.2;
				MTL_ENABLE_DEBUG_INFO = INCLUDE_SOURCE;
				MTL_FAST_MATH = YES;
				ONLY_ACTIVE_ARCH = YES;
				SDKROOT = iphoneos;
				SWIFT_ACTIVE_COMPILATION_CONDITIONS = DEBUG;
				SWIFT_OPTIMIZATION_LEVEL = "-Onone";
			};
			name = Debug;
		};
		DDA09AAC27762444005AD9D8 /* Release */ = {
			isa = XCBuildConfiguration;
			buildSettings = {
				ALWAYS_SEARCH_USER_PATHS = NO;
				CLANG_ANALYZER_NONNULL = YES;
				CLANG_ANALYZER_NUMBER_OBJECT_CONVERSION = YES_AGGRESSIVE;
				CLANG_CXX_LANGUAGE_STANDARD = "gnu++17";
				CLANG_CXX_LIBRARY = "libc++";
				CLANG_ENABLE_MODULES = YES;
				CLANG_ENABLE_OBJC_ARC = YES;
				CLANG_ENABLE_OBJC_WEAK = YES;
				CLANG_WARN_BLOCK_CAPTURE_AUTORELEASING = YES;
				CLANG_WARN_BOOL_CONVERSION = YES;
				CLANG_WARN_COMMA = YES;
				CLANG_WARN_CONSTANT_CONVERSION = YES;
				CLANG_WARN_DEPRECATED_OBJC_IMPLEMENTATIONS = YES;
				CLANG_WARN_DIRECT_OBJC_ISA_USAGE = YES_ERROR;
				CLANG_WARN_DOCUMENTATION_COMMENTS = YES;
				CLANG_WARN_EMPTY_BODY = YES;
				CLANG_WARN_ENUM_CONVERSION = YES;
				CLANG_WARN_INFINITE_RECURSION = YES;
				CLANG_WARN_INT_CONVERSION = YES;
				CLANG_WARN_NON_LITERAL_NULL_CONVERSION = YES;
				CLANG_WARN_OBJC_IMPLICIT_RETAIN_SELF = YES;
				CLANG_WARN_OBJC_LITERAL_CONVERSION = YES;
				CLANG_WARN_OBJC_ROOT_CLASS = YES_ERROR;
				CLANG_WARN_QUOTED_INCLUDE_IN_FRAMEWORK_HEADER = YES;
				CLANG_WARN_RANGE_LOOP_ANALYSIS = YES;
				CLANG_WARN_STRICT_PROTOTYPES = YES;
				CLANG_WARN_SUSPICIOUS_MOVE = YES;
				CLANG_WARN_UNGUARDED_AVAILABILITY = YES_AGGRESSIVE;
				CLANG_WARN_UNREACHABLE_CODE = YES;
				CLANG_WARN__DUPLICATE_METHOD_MATCH = YES;
				COPY_PHASE_STRIP = NO;
				DEBUG_INFORMATION_FORMAT = "dwarf-with-dsym";
				ENABLE_NS_ASSERTIONS = NO;
				ENABLE_STRICT_OBJC_MSGSEND = YES;
				GCC_C_LANGUAGE_STANDARD = gnu11;
				GCC_NO_COMMON_BLOCKS = YES;
				GCC_WARN_64_TO_32_BIT_CONVERSION = YES;
				GCC_WARN_ABOUT_RETURN_TYPE = YES_ERROR;
				GCC_WARN_UNDECLARED_SELECTOR = YES;
				GCC_WARN_UNINITIALIZED_AUTOS = YES_AGGRESSIVE;
				GCC_WARN_UNUSED_FUNCTION = YES;
				GCC_WARN_UNUSED_VARIABLE = YES;
				IPHONEOS_DEPLOYMENT_TARGET = 15.2;
				MTL_ENABLE_DEBUG_INFO = NO;
				MTL_FAST_MATH = YES;
				SDKROOT = iphoneos;
				SWIFT_COMPILATION_MODE = wholemodule;
				SWIFT_OPTIMIZATION_LEVEL = "-O";
				VALIDATE_PRODUCT = YES;
			};
			name = Release;
		};
		DDA09AAE27762444005AD9D8 /* Debug */ = {
			isa = XCBuildConfiguration;
			buildSettings = {
				ASSETCATALOG_COMPILER_APPICON_NAME = AppIcon;
				ASSETCATALOG_COMPILER_GLOBAL_ACCENT_COLOR_NAME = AccentColor;
				CODE_SIGN_STYLE = Automatic;
				CURRENT_PROJECT_VERSION = 1;
				DEVELOPMENT_ASSET_PATHS = "\"Christlist/Preview Content\"";
				DEVELOPMENT_TEAM = X82ZU2CG5U;
				ENABLE_PREVIEWS = YES;
				GENERATE_INFOPLIST_FILE = YES;
				INFOPLIST_KEY_UIApplicationSceneManifest_Generation = YES;
				INFOPLIST_KEY_UIApplicationSupportsIndirectInputEvents = YES;
				INFOPLIST_KEY_UILaunchScreen_Generation = YES;
				INFOPLIST_KEY_UISupportedInterfaceOrientations_iPad = "UIInterfaceOrientationPortrait UIInterfaceOrientationPortraitUpsideDown UIInterfaceOrientationLandscapeLeft UIInterfaceOrientationLandscapeRight";
				INFOPLIST_KEY_UISupportedInterfaceOrientations_iPhone = "UIInterfaceOrientationPortrait UIInterfaceOrientationLandscapeLeft UIInterfaceOrientationLandscapeRight";
				LD_RUNPATH_SEARCH_PATHS = (
					"$(inherited)",
					"@executable_path/Frameworks",
				);
				MARKETING_VERSION = 1.0;
				PRODUCT_BUNDLE_IDENTIFIER = tech.krykher.Christlist;
				PRODUCT_NAME = "$(TARGET_NAME)";
				SWIFT_EMIT_LOC_STRINGS = YES;
				SWIFT_VERSION = 5.0;
				TARGETED_DEVICE_FAMILY = "1,2";
			};
			name = Debug;
		};
		DDA09AAF27762444005AD9D8 /* Release */ = {
			isa = XCBuildConfiguration;
			buildSettings = {
				ASSETCATALOG_COMPILER_APPICON_NAME = AppIcon;
				ASSETCATALOG_COMPILER_GLOBAL_ACCENT_COLOR_NAME = AccentColor;
				CODE_SIGN_STYLE = Automatic;
				CURRENT_PROJECT_VERSION = 1;
				DEVELOPMENT_ASSET_PATHS = "\"Christlist/Preview Content\"";
				DEVELOPMENT_TEAM = X82ZU2CG5U;
				ENABLE_PREVIEWS = YES;
				GENERATE_INFOPLIST_FILE = YES;
				INFOPLIST_KEY_UIApplicationSceneManifest_Generation = YES;
				INFOPLIST_KEY_UIApplicationSupportsIndirectInputEvents = YES;
				INFOPLIST_KEY_UILaunchScreen_Generation = YES;
				INFOPLIST_KEY_UISupportedInterfaceOrientations_iPad = "UIInterfaceOrientationPortrait UIInterfaceOrientationPortraitUpsideDown UIInterfaceOrientationLandscapeLeft UIInterfaceOrientationLandscapeRight";
				INFOPLIST_KEY_UISupportedInterfaceOrientations_iPhone = "UIInterfaceOrientationPortrait UIInterfaceOrientationLandscapeLeft UIInterfaceOrientationLandscapeRight";
				LD_RUNPATH_SEARCH_PATHS = (
					"$(inherited)",
					"@executable_path/Frameworks",
				);
				MARKETING_VERSION = 1.0;
				PRODUCT_BUNDLE_IDENTIFIER = tech.krykher.Christlist;
				PRODUCT_NAME = "$(TARGET_NAME)";
				SWIFT_EMIT_LOC_STRINGS = YES;
				SWIFT_VERSION = 5.0;
				TARGETED_DEVICE_FAMILY = "1,2";
			};
			name = Release;
		};
/* End XCBuildConfiguration section */

/* Begin XCConfigurationList section */
		DDA09A9A27762443005AD9D8 /* Build configuration list for PBXProject "Christlist" */ = {
			isa = XCConfigurationList;
			buildConfigurations = (
				DDA09AAB27762444005AD9D8 /* Debug */,
				DDA09AAC27762444005AD9D8 /* Release */,
			);
			defaultConfigurationIsVisible = 0;
			defaultConfigurationName = Release;
		};
		DDA09AAD27762444005AD9D8 /* Build configuration list for PBXNativeTarget "Christlist" */ = {
			isa = XCConfigurationList;
			buildConfigurations = (
				DDA09AAE27762444005AD9D8 /* Debug */,
				DDA09AAF27762444005AD9D8 /* Release */,
			);
			defaultConfigurationIsVisible = 0;
			defaultConfigurationName = Release;
		};
/* End XCConfigurationList section */
	};
	rootObject = DDA09A9727762443005AD9D8 /* Project object */;
}
